
Microsoft Visual Studio Solution File, Format Version 12.00
# Visual Studio 2012
Project("{FAE04EC0-301F-11D3-BF4B-00C04F79EFBC}") = "RippingTransfermarkt", "RippingTransfermarkt\RippingTransfermarkt.csproj", "{2EF90322-CBEE-4E2E-9D60-3CFC57524A99}"
EndProject
Global
	GlobalSection(SolutionConfigurationPlatforms) = preSolution
		Debug|Any CPU = Debug|Any CPU
		Release|Any CPU = Release|Any CPU
	EndGlobalSection
	GlobalSection(ProjectConfigurationPlatforms) = postSolution
		{2EF90322-CBEE-4E2E-9D60-3CFC57524A99}.Debug|Any CPU.ActiveCfg = Debug|Any CPU
		{2EF90322-CBEE-4E2E-9D60-3CFC57524A99}.Debug|Any CPU.Build.0 = Debug|Any CPU
		{2EF90322-CBEE-4E2E-9D60-3CFC57524A99}.Release|Any CPU.ActiveCfg = Release|Any CPU
		{2EF90322-CBEE-4E2E-9D60-3CFC57524A99}.Release|Any CPU.Build.0 = Release|Any CPU
	EndGlobalSection
	GlobalSection(SolutionProperties) = preSolution
		HideSolutionNode = FALSE
	EndGlobalSection
EndGlobal
